
Microsoft Visual Studio Solution File, Format Version 12.00
# Visual Studio Version 16
VisualStudioVersion = 16.0.28822.285
MinimumVisualStudioVersion = 10.0.40219.1
Project("{FAE04EC0-301F-11D3-BF4B-00C04F79EFBC}") = "MarkdigSample", "MarkdigSample\MarkdigSample.csproj", "{B07A73FA-8C2D-4B67-99D1-CCA6DCD5B33E}"
EndProject
Global
	GlobalSection(SolutionConfigurationPlatforms) = preSolution
		Debug|Any CPU = Debug|Any CPU
		Release|Any CPU = Release|Any CPU
	EndGlobalSection
	GlobalSection(ProjectConfigurationPlatforms) = postSolution
		{B07A73FA-8C2D-4B67-99D1-CCA6DCD5B33E}.Debug|Any CPU.ActiveCfg = Debug|Any CPU
		{B07A73FA-8C2D-4B67-99D1-CCA6DCD5B33E}.Debug|Any CPU.Build.0 = Debug|Any CPU
		{B07A73FA-8C2D-4B67-99D1-CCA6DCD5B33E}.Release|Any CPU.ActiveCfg = Release|Any CPU
		{B07A73FA-8C2D-4B67-99D1-CCA6DCD5B33E}.Release|Any CPU.Build.0 = Release|Any CPU
	EndGlobalSection
	GlobalSection(SolutionProperties) = preSolution
		HideSolutionNode = FALSE
	EndGlobalSection
	GlobalSection(ExtensibilityGlobals) = postSolution
		SolutionGuid = {9702A9DE-436F-4F22-9B60-593E04D6A8E1}
	EndGlobalSection
EndGlobal
